
Microsoft Visual Studio Solution File, Format Version 12.00
# Visual Studio Version 16
VisualStudioVersion = 16.0.30406.217
MinimumVisualStudioVersion = 10.0.40219.1
Project("{FAE04EC0-301F-11D3-BF4B-00C04F79EFBC}") = "WebApplication1", "WebApplication1.csproj", "{20C3AD61-848C-4DDA-87C3-EDDF5B8D9597}"
EndProject
Global
	GlobalSection(SolutionConfigurationPlatforms) = preSolution
		Debug|Any CPU = Debug|Any CPU
		Release|Any CPU = Release|Any CPU
	EndGlobalSection
	GlobalSection(ProjectConfigurationPlatforms) = postSolution
		{20C3AD61-848C-4DDA-87C3-EDDF5B8D9597}.Debug|Any CPU.ActiveCfg = Debug|Any CPU
		{20C3AD61-848C-4DDA-87C3-EDDF5B8D9597}.Debug|Any CPU.Build.0 = Debug|Any CPU
		{20C3AD61-848C-4DDA-87C3-EDDF5B8D9597}.Release|Any CPU.ActiveCfg = Release|Any CPU
		{20C3AD61-848C-4DDA-87C3-EDDF5B8D9597}.Release|Any CPU.Build.0 = Release|Any CPU
	EndGlobalSection
	GlobalSection(SolutionProperties) = preSolution
		HideSolutionNode = FALSE
	EndGlobalSection
	GlobalSection(ExtensibilityGlobals) = postSolution
		SolutionGuid = {B1272D68-3F62-4566-B973-009341CE0CB6}
	EndGlobalSection
EndGlobal
